{
  "memo": {
    "LR-ZTgqORmWVgYzlV0Tt74kKbUXf6h0bIph_heb-wHQ=:resolve": [
      {
        "input": [
          {
            "platform": {
              "os": "linux"
            },
            "repository": "alpine/git",
            "tag": "latest"
          }
        ],
        "output": {
          "digest": "sha256:1283cf559e7fa83951f25b292394dc7bac783e12e2c0353ddda8e3c51583d10f",
          "platform": {
            "os": "linux"
          },
          "repository": "alpine/git",
          "tag": "latest"
        }
      },
      {
        "input": [
          {
            "platform": {
              "os": "linux"
            },
            "repository": "ubuntu",
            "tag": "latest"
          }
        ],
        "output": {
          "digest": "sha256:bea6d19168bbfd6af8d77c2cc3c572114eb5d113e6f422573c93cb605a0e2ffb",
          "platform": {
            "os": "linux"
          },
          "repository": "ubuntu",
          "tag": "latest"
        }
      },
      {
        "input": [
          {
            "platform": {
              "os": "linux"
            },
            "repository": "alpine",
            "tag": "latest"
          }
        ],
        "output": {
          "digest": "sha256:d6d0a0eb4d40ef96f2310ead734848b9c819bb97c9d846385c4aca1767186cd4",
          "platform": {
            "os": "linux"
          },
          "repository": "alpine",
          "tag": "latest"
        }
      },
      {
        "input": [
          {
            "platform": {
              "os": "linux"
            },
            "repository": "nixpkgs/nix-flakes",
            "tag": "latest"
          }
        ],
        "output": {
          "digest": "sha256:64dd04538ed55ae3e4567568c3dcd99ff54b78c55179e44e454dcd785546f249",
          "platform": {
            "os": "linux"
          },
          "repository": "nixpkgs/nix-flakes",
          "tag": "latest"
        }
      },
      {
        "input": [
          {
            "platform": {
              "os": "linux"
            },
            "repository": "nixos/nix",
            "tag": "latest"
          }
        ],
        "output": {
          "digest": "sha256:fc55b9bf9f61742a3fc262c0dc9ad62ea8ace014bb5bd4b11341da879e7b26ce",
          "platform": {
            "os": "linux"
          },
          "repository": "nixos/nix",
          "tag": "latest"
        }
      }
    ],
    "l-p7x-OKj5271Ymj0A6WwamAiiekRSQznJP6rbxKEKM=:ls-remote": [
      {
        "input": [
          "https://github.com/vito/tabs",
          "main"
        ],
        "output": "4a51454fe1c33b5873b50dd33d850b7efe170bbd"
      }
    ]
  },
  "thunks": {
    "LR-ZTgqORmWVgYzlV0Tt74kKbUXf6h0bIph_heb-wHQ=": {
      "cmd": {
        "command": "run"
      }
    },
    "l-p7x-OKj5271Ymj0A6WwamAiiekRSQznJP6rbxKEKM=": {
      "cmd": {
        "command": "git"
      },
      "stdin": [
        {
          "digest": "sha256:d4740deff7f05d2d48771ff66d9d9c26dfb76f0db0aa833b1ea0ee346fa1e48f",
          "platform": {
            "os": "linux"
          },
          "repository": "alpine/git",
          "tag": "latest"
        }
      ]
    }
  }
}
