{
  "memo": {
    "5uZkUMIrLUXO5jqBMgT7s77aiMN45NtxfNZerbEMslk=:ls-remote": [
      {
        "input": [
          "https://github.com/vito/tabs",
          "main"
        ],
        "output": "58948018bf3fa12081f6b8dd1b9465fdbf28777f"
      }
    ],
    "LR-ZTgqORmWVgYzlV0Tt74kKbUXf6h0bIph_heb-wHQ=:resolve": [
      {
        "input": [
          {
            "platform": {
              "os": "linux"
            },
            "repository": "alpine/git",
            "tag": "latest"
          }
        ],
        "output": {
          "digest": "sha256:1283cf559e7fa83951f25b292394dc7bac783e12e2c0353ddda8e3c51583d10f",
          "platform": {
            "os": "linux"
          },
          "repository": "alpine/git",
          "tag": "latest"
        }
      },
      {
        "input": [
          {
            "platform": {
              "os": "linux"
            },
            "repository": "ubuntu",
            "tag": "latest"
          }
        ],
        "output": {
          "digest": "sha256:bea6d19168bbfd6af8d77c2cc3c572114eb5d113e6f422573c93cb605a0e2ffb",
          "platform": {
            "os": "linux"
          },
          "repository": "ubuntu",
          "tag": "latest"
        }
      },
      {
        "input": [
          {
            "platform": {
              "os": "linux"
            },
            "repository": "alpine",
            "tag": "latest"
          }
        ],
        "output": {
          "digest": "sha256:ceeae2849a425ef1a7e591d8288f1a58cdf1f4e8d9da7510e29ea829e61cf512",
          "platform": {
            "os": "linux"
          },
          "repository": "alpine",
          "tag": "latest"
        }
      },
      {
        "input": [
          {
            "platform": {
              "os": "linux"
            },
            "repository": "nixpkgs/nix-flakes",
            "tag": "latest"
          }
        ],
        "output": {
          "digest": "sha256:06c6f86b512bba5ce8ea395417ccf39ff4ef829ba8630c25ab88e9f082a54a1f",
          "platform": {
            "os": "linux"
          },
          "repository": "nixpkgs/nix-flakes",
          "tag": "latest"
        }
      },
      {
        "input": [
          {
            "platform": {
              "os": "linux"
            },
            "repository": "nixos/nix",
            "tag": "latest"
          }
        ],
        "output": {
          "digest": "sha256:fc55b9bf9f61742a3fc262c0dc9ad62ea8ace014bb5bd4b11341da879e7b26ce",
          "platform": {
            "os": "linux"
          },
          "repository": "nixos/nix",
          "tag": "latest"
        }
      }
    ]
  },
  "thunks": {
    "5uZkUMIrLUXO5jqBMgT7s77aiMN45NtxfNZerbEMslk=": {
      "cmd": {
        "command": "git"
      },
      "stdin": [
        {
          "digest": "sha256:1283cf559e7fa83951f25b292394dc7bac783e12e2c0353ddda8e3c51583d10f",
          "platform": {
            "os": "linux"
          },
          "repository": "alpine/git",
          "tag": "latest"
        }
      ]
    },
    "LR-ZTgqORmWVgYzlV0Tt74kKbUXf6h0bIph_heb-wHQ=": {
      "cmd": {
        "command": "run"
      }
    }
  }
}
