{
  "memo": {
    "2d1f994e0a8e466595818ce55744edef890a6d45dfea1d1b22987f85e6fec074:resolve": [
      {
        "input": [
          {
            "platform": {
              "os": "linux"
            },
            "repository": "alpine/git",
            "tag": "latest"
          }
        ],
        "output": {
          "digest": "sha256:d4740deff7f05d2d48771ff66d9d9c26dfb76f0db0aa833b1ea0ee346fa1e48f",
          "platform": {
            "os": "linux"
          },
          "repository": "alpine/git",
          "tag": "latest"
        }
      },
      {
        "input": [
          {
            "platform": {
              "os": "linux"
            },
            "repository": "golang",
            "tag": "1.17"
          }
        ],
        "output": {
          "digest": "sha256:e06c83493ef6d69c95018da90f2887bf337470db074d3c648b8b648d8e3c441e",
          "platform": {
            "os": "linux"
          },
          "repository": "golang",
          "tag": "1.17"
        }
      },
      {
        "input": [
          {
            "platform": {
              "os": "linux"
            },
            "repository": "alpine",
            "tag": "latest"
          }
        ],
        "output": {
          "digest": "sha256:21a3deaa0d32a8057914f36584b5288d2e5ecc984380bc0118285c70fa8c9300",
          "platform": {
            "os": "linux"
          },
          "repository": "alpine",
          "tag": "latest"
        }
      },
      {
        "input": [
          {
            "platform": {
              "os": "linux"
            },
            "repository": "ubuntu",
            "tag": "latest"
          }
        ],
        "output": {
          "digest": "sha256:669e010b58baf5beb2836b253c1fd5768333f0d1dbcb834f7c07a4dc93f474be",
          "platform": {
            "os": "linux"
          },
          "repository": "ubuntu",
          "tag": "latest"
        }
      },
      {
        "input": [
          {
            "platform": {
              "os": "linux"
            },
            "repository": "nixos/nix",
            "tag": "latest"
          }
        ],
        "output": {
          "digest": "sha256:6c7923c366b351002f21671a46e79eafc5d9a9db9da71497b6580e671698d906",
          "platform": {
            "os": "linux"
          },
          "repository": "nixos/nix",
          "tag": "latest"
        }
      }
    ],
    "97ea7bc7e38a8f9dbbd589a3d00e96c1a9808a27a44524339c93faadbc4a10a3:ls-remote": [
      {
        "input": [
          "https://github.com/vito/tabs",
          "main"
        ],
        "output": "03a39cb94bd3412febf681238b5a5e5fca4dbf35"
      }
    ]
  },
  "thunks": {
    "2d1f994e0a8e466595818ce55744edef890a6d45dfea1d1b22987f85e6fec074": {
      "cmd": {
        "command": "run"
      }
    },
    "97ea7bc7e38a8f9dbbd589a3d00e96c1a9808a27a44524339c93faadbc4a10a3": {
      "cmd": {
        "command": "git"
      },
      "stdin": [
        {
          "digest": "sha256:d4740deff7f05d2d48771ff66d9d9c26dfb76f0db0aa833b1ea0ee346fa1e48f",
          "platform": {
            "os": "linux"
          },
          "repository": "alpine/git",
          "tag": "latest"
        }
      ]
    }
  }
}
