memos: {
  module: {
    cmd: {
      command: {
        name: "run"
      }
    }
  }
  calls: {
    binding: "resolve"
    results: {
      input: {
        array: {
          values: {
            object: {
              bindings: {
                symbol: "platform"
                value: {
                  object: {
                    bindings: {
                      symbol: "os"
                      value: {
                        string: {
                          value: "linux"
                        }
                      }
                    }
                  }
                }
              }
              bindings: {
                symbol: "repository"
                value: {
                  string: {
                    value: "alpine/git"
                  }
                }
              }
              bindings: {
                symbol: "tag"
                value: {
                  string: {
                    value: "latest"
                  }
                }
              }
            }
          }
        }
      }
      output: {
        object: {
          bindings: {
            symbol: "repository"
            value: {
              string: {
                value: "alpine/git"
              }
            }
          }
          bindings: {
            symbol: "platform"
            value: {
              object: {
                bindings: {
                  symbol: "os"
                  value: {
                    string: {
                      value: "linux"
                    }
                  }
                }
              }
            }
          }
          bindings: {
            symbol: "tag"
            value: {
              string: {
                value: "latest"
              }
            }
          }
          bindings: {
            symbol: "digest"
            value: {
              string: {
                value: "sha256:7b9c96bea8268579e925b17170ae208788e90d508ec334421384913ba61cd610"
              }
            }
          }
        }
      }
    }
    results: {
      input: {
        array: {
          values: {
            object: {
              bindings: {
                symbol: "platform"
                value: {
                  object: {
                    bindings: {
                      symbol: "os"
                      value: {
                        string: {
                          value: "linux"
                        }
                      }
                    }
                  }
                }
              }
              bindings: {
                symbol: "repository"
                value: {
                  string: {
                    value: "ubuntu"
                  }
                }
              }
              bindings: {
                symbol: "tag"
                value: {
                  string: {
                    value: "latest"
                  }
                }
              }
            }
          }
        }
      }
      output: {
        object: {
          bindings: {
            symbol: "repository"
            value: {
              string: {
                value: "ubuntu"
              }
            }
          }
          bindings: {
            symbol: "platform"
            value: {
              object: {
                bindings: {
                  symbol: "os"
                  value: {
                    string: {
                      value: "linux"
                    }
                  }
                }
              }
            }
          }
          bindings: {
            symbol: "tag"
            value: {
              string: {
                value: "latest"
              }
            }
          }
          bindings: {
            symbol: "digest"
            value: {
              string: {
                value: "sha256:20fa2d7bb4de7723f542be5923b06c4d704370f0390e4ae9e1c833c8785644c1"
              }
            }
          }
        }
      }
    }
    results: {
      input: {
        array: {
          values: {
            object: {
              bindings: {
                symbol: "platform"
                value: {
                  object: {
                    bindings: {
                      symbol: "os"
                      value: {
                        string: {
                          value: "linux"
                        }
                      }
                    }
                  }
                }
              }
              bindings: {
                symbol: "repository"
                value: {
                  string: {
                    value: "alpine"
                  }
                }
              }
              bindings: {
                symbol: "tag"
                value: {
                  string: {
                    value: "latest"
                  }
                }
              }
            }
          }
        }
      }
      output: {
        object: {
          bindings: {
            symbol: "repository"
            value: {
              string: {
                value: "alpine"
              }
            }
          }
          bindings: {
            symbol: "platform"
            value: {
              object: {
                bindings: {
                  symbol: "os"
                  value: {
                    string: {
                      value: "linux"
                    }
                  }
                }
              }
            }
          }
          bindings: {
            symbol: "tag"
            value: {
              string: {
                value: "latest"
              }
            }
          }
          bindings: {
            symbol: "digest"
            value: {
              string: {
                value: "sha256:bc41182d7ef5ffc53a40b044e725193bc10142a1243f395ee852a8d9730fc2ad"
              }
            }
          }
        }
      }
    }
    results: {
      input: {
        array: {
          values: {
            object: {
              bindings: {
                symbol: "platform"
                value: {
                  object: {
                    bindings: {
                      symbol: "os"
                      value: {
                        string: {
                          value: "linux"
                        }
                      }
                    }
                  }
                }
              }
              bindings: {
                symbol: "repository"
                value: {
                  string: {
                    value: "moby/buildkit"
                  }
                }
              }
              bindings: {
                symbol: "tag"
                value: {
                  string: {
                    value: "v0.10.3"
                  }
                }
              }
            }
          }
        }
      }
      output: {
        object: {
          bindings: {
            symbol: "repository"
            value: {
              string: {
                value: "moby/buildkit"
              }
            }
          }
          bindings: {
            symbol: "platform"
            value: {
              object: {
                bindings: {
                  symbol: "os"
                  value: {
                    string: {
                      value: "linux"
                    }
                  }
                }
              }
            }
          }
          bindings: {
            symbol: "tag"
            value: {
              string: {
                value: "v0.10.3"
              }
            }
          }
          bindings: {
            symbol: "digest"
            value: {
              string: {
                value: "sha256:0dc312b04eac1b44cd2cad566deb1e886c753109208affbbec8384f381ff7f38"
              }
            }
          }
        }
      }
    }
    results: {
      input: {
        array: {
          values: {
            object: {
              bindings: {
                symbol: "platform"
                value: {
                  object: {
                    bindings: {
                      symbol: "os"
                      value: {
                        string: {
                          value: "linux"
                        }
                      }
                    }
                  }
                }
              }
              bindings: {
                symbol: "repository"
                value: {
                  string: {
                    value: "vito/buildkit"
                  }
                }
              }
              bindings: {
                symbol: "tag"
                value: {
                  string: {
                    value: "v0.10.3-conflist"
                  }
                }
              }
            }
          }
        }
      }
      output: {
        object: {
          bindings: {
            symbol: "repository"
            value: {
              string: {
                value: "vito/buildkit"
              }
            }
          }
          bindings: {
            symbol: "platform"
            value: {
              object: {
                bindings: {
                  symbol: "os"
                  value: {
                    string: {
                      value: "linux"
                    }
                  }
                }
              }
            }
          }
          bindings: {
            symbol: "tag"
            value: {
              string: {
                value: "v0.10.3-conflist"
              }
            }
          }
          bindings: {
            symbol: "digest"
            value: {
              string: {
                value: "sha256:9e16d0d919f6c2bcba152fd4b02bee3a9a38b2e973e104789753101d8f58d655"
              }
            }
          }
        }
      }
    }
    results: {
      input: {
        array: {
          values: {
            object: {
              bindings: {
                symbol: "platform"
                value: {
                  object: {
                    bindings: {
                      symbol: "os"
                      value: {
                        string: {
                          value: "linux"
                        }
                      }
                    }
                  }
                }
              }
              bindings: {
                symbol: "repository"
                value: {
                  string: {
                    value: "squareup/certstrap"
                  }
                }
              }
              bindings: {
                symbol: "tag"
                value: {
                  string: {
                    value: "latest"
                  }
                }
              }
            }
          }
        }
      }
      output: {
        object: {
          bindings: {
            symbol: "repository"
            value: {
              string: {
                value: "squareup/certstrap"
              }
            }
          }
          bindings: {
            symbol: "platform"
            value: {
              object: {
                bindings: {
                  symbol: "os"
                  value: {
                    string: {
                      value: "linux"
                    }
                  }
                }
              }
            }
          }
          bindings: {
            symbol: "tag"
            value: {
              string: {
                value: "latest"
              }
            }
          }
          bindings: {
            symbol: "digest"
            value: {
              string: {
                value: "sha256:d620d824b5e6c3e6d318020ab698e5224b83cfdd2338f15113c4596047065ae4"
              }
            }
          }
        }
      }
    }
  }
}
memos: {
  module: {
    cmd: {
      command: {
        name: "git"
      }
    }
    stdin: {
      object: {
        bindings: {
          symbol: "platform"
          value: {
            object: {
              bindings: {
                symbol: "os"
                value: {
                  string: {
                    value: "linux"
                  }
                }
              }
            }
          }
        }
        bindings: {
          symbol: "repository"
          value: {
            string: {
              value: "alpine/git"
            }
          }
        }
        bindings: {
          symbol: "tag"
          value: {
            string: {
              value: "latest"
            }
          }
        }
        bindings: {
          symbol: "digest"
          value: {
            string: {
              value: "sha256:5dbc7ef3c51fd64e996c3ca819d625ca21bbc4259be166fd9a46395d5f6c6a1f"
            }
          }
        }
      }
    }
  }
  calls: {
    binding: "ls-remote"
    results: {
      input: {
        array: {
          values: {
            string: {
              value: "https://github.com/vito/tabs"
            }
          }
          values: {
            string: {
              value: "main"
            }
          }
        }
      }
      output: {
        string: {
          value: "c97bdc3bc41acb5c1bebec6fba9994ee2fb992a5"
        }
      }
    }
    results: {
      input: {
        array: {
          values: {
            string: {
              value: "https://github.com/vito/bass-loop"
            }
          }
          values: {
            string: {
              value: "main"
            }
          }
        }
      }
      output: {
        string: {
          value: "4d2df18701653fc9ec705da34fa9e6d70fab465f"
        }
      }
    }
  }
}
memos: {
  module: {
    cmd: {
      command: {
        name: "git"
      }
    }
    stdin: {
      object: {
        bindings: {
          symbol: "platform"
          value: {
            object: {
              bindings: {
                symbol: "os"
                value: {
                  string: {
                    value: "linux"
                  }
                }
              }
            }
          }
        }
        bindings: {
          symbol: "repository"
          value: {
            string: {
              value: "alpine/git"
            }
          }
        }
        bindings: {
          symbol: "tag"
          value: {
            string: {
              value: "latest"
            }
          }
        }
        bindings: {
          symbol: "digest"
          value: {
            string: {
              value: "sha256:23dcd3edfd1d9c7cbb14f7823d07a4934716cfa4d4dbc402d37ee011c440a685"
            }
          }
        }
      }
    }
  }
  calls: {
    binding: "ls-remote"
    results: {
      input: {
        array: {
          values: {
            string: {
              value: "https://github.com/vito/tabs"
            }
          }
          values: {
            string: {
              value: "main"
            }
          }
        }
      }
      output: {
        string: {
          value: "c97bdc3bc41acb5c1bebec6fba9994ee2fb992a5"
        }
      }
    }
  }
}
memos: {
  module: {
    cmd: {
      command: {
        name: "git"
      }
    }
    stdin: {
      object: {
        bindings: {
          symbol: "repository"
          value: {
            string: {
              value: "alpine/git"
            }
          }
        }
        bindings: {
          symbol: "platform"
          value: {
            object: {
              bindings: {
                symbol: "os"
                value: {
                  string: {
                    value: "linux"
                  }
                }
              }
            }
          }
        }
        bindings: {
          symbol: "tag"
          value: {
            string: {
              value: "latest"
            }
          }
        }
        bindings: {
          symbol: "digest"
          value: {
            string: {
              value: "sha256:760aaf0d59c93f87572ec40dee1efd10a7ea13a78dff1f59a904e908449329ae"
            }
          }
        }
      }
    }
  }
  calls: {
    binding: "ls-remote"
    results: {
      input: {
        array: {
          values: {
            string: {
              value: "https://github.com/vito/tabs"
            }
          }
          values: {
            string: {
              value: "main"
            }
          }
        }
      }
      output: {
        string: {
          value: "c97bdc3bc41acb5c1bebec6fba9994ee2fb992a5"
        }
      }
    }
  }
}
