memos: {
  module: {
    cmd: {
      command: {
        name: "run"
      }
    }
  }
  calls: {
    binding: "resolve"
    results: {
      input: {
        array: {
          values: {
            object: {
              bindings: {
                symbol: "platform"
                value: {
                  object: {
                    bindings: {
                      symbol: "os"
                      value: {
                        string: {
                          value: "linux"
                        }
                      }
                    }
                  }
                }
              }
              bindings: {
                symbol: "repository"
                value: {
                  string: {
                    value: "alpine/git"
                  }
                }
              }
              bindings: {
                symbol: "tag"
                value: {
                  string: {
                    value: "latest"
                  }
                }
              }
            }
          }
        }
      }
      output: {
        object: {
          bindings: {
            symbol: "platform"
            value: {
              object: {
                bindings: {
                  symbol: "os"
                  value: {
                    string: {
                      value: "linux"
                    }
                  }
                }
              }
            }
          }
          bindings: {
            symbol: "repository"
            value: {
              string: {
                value: "alpine/git"
              }
            }
          }
          bindings: {
            symbol: "tag"
            value: {
              string: {
                value: "latest"
              }
            }
          }
          bindings: {
            symbol: "digest"
            value: {
              string: {
                value: "sha256:23dcd3edfd1d9c7cbb14f7823d07a4934716cfa4d4dbc402d37ee011c440a685"
              }
            }
          }
        }
      }
    }
    results: {
      input: {
        array: {
          values: {
            object: {
              bindings: {
                symbol: "platform"
                value: {
                  object: {
                    bindings: {
                      symbol: "os"
                      value: {
                        string: {
                          value: "linux"
                        }
                      }
                    }
                  }
                }
              }
              bindings: {
                symbol: "repository"
                value: {
                  string: {
                    value: "ubuntu"
                  }
                }
              }
              bindings: {
                symbol: "tag"
                value: {
                  string: {
                    value: "latest"
                  }
                }
              }
            }
          }
        }
      }
      output: {
        object: {
          bindings: {
            symbol: "platform"
            value: {
              object: {
                bindings: {
                  symbol: "os"
                  value: {
                    string: {
                      value: "linux"
                    }
                  }
                }
              }
            }
          }
          bindings: {
            symbol: "repository"
            value: {
              string: {
                value: "ubuntu"
              }
            }
          }
          bindings: {
            symbol: "tag"
            value: {
              string: {
                value: "latest"
              }
            }
          }
          bindings: {
            symbol: "digest"
            value: {
              string: {
                value: "sha256:b6b83d3c331794420340093eb706a6f152d9c1fa51b262d9bf34594887c2c7ac"
              }
            }
          }
        }
      }
    }
    results: {
      input: {
        array: {
          values: {
            object: {
              bindings: {
                symbol: "platform"
                value: {
                  object: {
                    bindings: {
                      symbol: "os"
                      value: {
                        string: {
                          value: "linux"
                        }
                      }
                    }
                  }
                }
              }
              bindings: {
                symbol: "repository"
                value: {
                  string: {
                    value: "alpine"
                  }
                }
              }
              bindings: {
                symbol: "tag"
                value: {
                  string: {
                    value: "latest"
                  }
                }
              }
            }
          }
        }
      }
      output: {
        object: {
          bindings: {
            symbol: "platform"
            value: {
              object: {
                bindings: {
                  symbol: "os"
                  value: {
                    string: {
                      value: "linux"
                    }
                  }
                }
              }
            }
          }
          bindings: {
            symbol: "repository"
            value: {
              string: {
                value: "alpine"
              }
            }
          }
          bindings: {
            symbol: "tag"
            value: {
              string: {
                value: "latest"
              }
            }
          }
          bindings: {
            symbol: "digest"
            value: {
              string: {
                value: "sha256:686d8c9dfa6f3ccfc8230bc3178d23f84eeaf7e457f36f271ab1acc53015037c"
              }
            }
          }
        }
      }
    }
  }
}
memos: {
  module: {
    cmd: {
      command: {
        name: "git"
      }
    }
    stdin: {
      object: {
        bindings: {
          symbol: "platform"
          value: {
            object: {
              bindings: {
                symbol: "os"
                value: {
                  string: {
                    value: "linux"
                  }
                }
              }
            }
          }
        }
        bindings: {
          symbol: "repository"
          value: {
            string: {
              value: "alpine/git"
            }
          }
        }
        bindings: {
          symbol: "tag"
          value: {
            string: {
              value: "latest"
            }
          }
        }
        bindings: {
          symbol: "digest"
          value: {
            string: {
              value: "sha256:5dbc7ef3c51fd64e996c3ca819d625ca21bbc4259be166fd9a46395d5f6c6a1f"
            }
          }
        }
      }
    }
  }
  calls: {
    binding: "ls-remote"
    results: {
      input: {
        array: {
          values: {
            string: {
              value: "https://github.com/vito/tabs"
            }
          }
          values: {
            string: {
              value: "main"
            }
          }
        }
      }
      output: {
        string: {
          value: "eb94d765b71a7aaac235f18eea2556ce879f1a7d"
        }
      }
    }
    results: {
      input: {
        array: {
          values: {
            string: {
              value: "https://github.com/vito/bass-loop"
            }
          }
          values: {
            string: {
              value: "main"
            }
          }
        }
      }
      output: {
        string: {
          value: "6da227ba1ecec674776c3b318c2dc3ef80e31487"
        }
      }
    }
  }
}
