memos: {
  module: {
    args: {
      command_path: {
        name: "run"
      }
    }
  }
  calls: {
    binding: "resolve"
    results: {
      input: {
        array: {
          values: {
            object: {
              bindings: {
                symbol: "platform"
                value: {
                  object: {
                    bindings: {
                      symbol: "os"
                      value: {
                        string: {
                          value: "linux"
                        }
                      }
                    }
                  }
                }
              }
              bindings: {
                symbol: "repository"
                value: {
                  string: {
                    value: "alpine/git"
                  }
                }
              }
              bindings: {
                symbol: "tag"
                value: {
                  string: {
                    value: "latest"
                  }
                }
              }
            }
          }
        }
      }
      output: {
        thunk: {
          image: {
            ref: {
              platform: {
                os: "linux"
                arch: "amd64"
              }
              repository: "alpine/git"
              tag: "latest"
              digest: "sha256:66b210a97bc07bfd4019826bcd13a488b371a6cbe2630a4b37d23275658bd3f2"
            }
          }
        }
      }
    }
    results: {
      input: {
        array: {
          values: {
            object: {
              bindings: {
                symbol: "platform"
                value: {
                  object: {
                    bindings: {
                      symbol: "os"
                      value: {
                        string: {
                          value: "linux"
                        }
                      }
                    }
                  }
                }
              }
              bindings: {
                symbol: "repository"
                value: {
                  string: {
                    value: "ubuntu"
                  }
                }
              }
              bindings: {
                symbol: "tag"
                value: {
                  string: {
                    value: "latest"
                  }
                }
              }
            }
          }
        }
      }
      output: {
        thunk: {
          image: {
            ref: {
              platform: {
                os: "linux"
                arch: "amd64"
              }
              repository: "ubuntu"
              tag: "latest"
              digest: "sha256:67211c14fa74f070d27cc59d69a7fa9aeff8e28ea118ef3babc295a0428a6d21"
            }
          }
        }
      }
    }
    results: {
      input: {
        array: {
          values: {
            object: {
              bindings: {
                symbol: "platform"
                value: {
                  object: {
                    bindings: {
                      symbol: "os"
                      value: {
                        string: {
                          value: "linux"
                        }
                      }
                    }
                  }
                }
              }
              bindings: {
                symbol: "repository"
                value: {
                  string: {
                    value: "alpine"
                  }
                }
              }
              bindings: {
                symbol: "tag"
                value: {
                  string: {
                    value: "latest"
                  }
                }
              }
            }
          }
        }
      }
      output: {
        thunk: {
          image: {
            ref: {
              platform: {
                os: "linux"
                arch: "amd64"
              }
              repository: "alpine"
              tag: "latest"
              digest: "sha256:124c7d2707904eea7431fffe91522a01e5a861a624ee31d03372cc1d138a3126"
            }
          }
        }
      }
    }
    results: {
      input: {
        array: {
          values: {
            object: {
              bindings: {
                symbol: "platform"
                value: {
                  object: {
                    bindings: {
                      symbol: "os"
                      value: {
                        string: {
                          value: "linux"
                        }
                      }
                    }
                  }
                }
              }
              bindings: {
                symbol: "repository"
                value: {
                  string: {
                    value: "squareup/certstrap"
                  }
                }
              }
              bindings: {
                symbol: "tag"
                value: {
                  string: {
                    value: "latest"
                  }
                }
              }
            }
          }
        }
      }
      output: {
        thunk: {
          image: {
            ref: {
              platform: {
                os: "linux"
                arch: "amd64"
              }
              repository: "squareup/certstrap"
              tag: "latest"
              digest: "sha256:c18a2389cf102a78ed6b42a2ae56ab81d898de30cdf1aca79a16bec15b22f7f2"
            }
          }
        }
      }
    }
    results: {
      input: {
        array: {
          values: {
            object: {
              bindings: {
                symbol: "platform"
                value: {
                  object: {
                    bindings: {
                      symbol: "os"
                      value: {
                        string: {
                          value: "linux"
                        }
                      }
                    }
                  }
                }
              }
              bindings: {
                symbol: "repository"
                value: {
                  string: {
                    value: "alpine/git"
                  }
                }
              }
              bindings: {
                symbol: "tag"
                value: {
                  string: {
                    value: "2.36.3"
                  }
                }
              }
            }
          }
        }
      }
      output: {
        thunk: {
          image: {
            ref: {
              platform: {
                os: "linux"
                arch: "amd64"
              }
              repository: "alpine/git"
              tag: "2.36.3"
              digest: "sha256:66b210a97bc07bfd4019826bcd13a488b371a6cbe2630a4b37d23275658bd3f2"
            }
          }
        }
      }
    }
    results: {
      input: {
        array: {
          values: {
            object: {
              bindings: {
                symbol: "platform"
                value: {
                  object: {
                    bindings: {
                      symbol: "os"
                      value: {
                        string: {
                          value: "linux"
                        }
                      }
                    }
                  }
                }
              }
              bindings: {
                symbol: "repository"
                value: {
                  string: {
                    value: "registry"
                  }
                }
              }
              bindings: {
                symbol: "tag"
                value: {
                  string: {
                    value: "latest"
                  }
                }
              }
            }
          }
        }
      }
      output: {
        thunk: {
          image: {
            ref: {
              platform: {
                os: "linux"
                arch: "amd64"
              }
              repository: "registry"
              tag: "latest"
              digest: "sha256:8c51be2f669c82da8015017ff1eae5e5155fcf707ba914c5c7b798fbeb03b50c"
            }
          }
        }
      }
    }
    results: {
      input: {
        array: {
          values: {
            object: {
              bindings: {
                symbol: "platform"
                value: {
                  object: {
                    bindings: {
                      symbol: "os"
                      value: {
                        string: {
                          value: "linux"
                        }
                      }
                    }
                  }
                }
              }
              bindings: {
                symbol: "repository"
                value: {
                  string: {
                    value: "busybox"
                  }
                }
              }
              bindings: {
                symbol: "tag"
                value: {
                  string: {
                    value: "latest"
                  }
                }
              }
            }
          }
        }
      }
      output: {
        thunk: {
          image: {
            ref: {
              platform: {
                os: "linux"
                arch: "amd64"
              }
              repository: "busybox"
              tag: "latest"
              digest: "sha256:b5d6fe0712636ceb7430189de28819e195e8966372edfc2d9409d79402a0dc16"
            }
          }
        }
      }
    }
    results: {
      input: {
        array: {
          values: {
            object: {
              bindings: {
                symbol: "platform"
                value: {
                  object: {
                    bindings: {
                      symbol: "os"
                      value: {
                        string: {
                          value: "linux"
                        }
                      }
                    }
                  }
                }
              }
              bindings: {
                symbol: "repository"
                value: {
                  string: {
                    value: "hello-world"
                  }
                }
              }
              bindings: {
                symbol: "tag"
                value: {
                  string: {
                    value: "latest"
                  }
                }
              }
            }
          }
        }
      }
      output: {
        thunk: {
          image: {
            ref: {
              platform: {
                os: "linux"
                arch: "amd64"
              }
              repository: "hello-world"
              tag: "latest"
              digest: "sha256:ffb13da98453e0f04d33a6eee5bb8e46ee50d08ebe17735fc0779d0349e889e9"
            }
          }
        }
      }
    }
  }
}
memos: {
  module: {
    args: {
      command_path: {
        name: "git"
      }
    }
    stdin: {
      thunk: {
        image: {
          ref: {
            platform: {
              os: "linux"
              arch: "amd64"
            }
            repository: "alpine/git"
            tag: "latest"
            digest: "sha256:66b210a97bc07bfd4019826bcd13a488b371a6cbe2630a4b37d23275658bd3f2"
          }
        }
      }
    }
  }
  calls: {
    binding: "ls-remote"
    results: {
      input: {
        array: {
          values: {
            string: {
              value: "https://github.com/vito/tabs"
            }
          }
          values: {
            string: {
              value: "main"
            }
          }
        }
      }
      output: {
        string: {
          value: "6ca3f15d70b739a7929886e20b61dbc4cbdc4e22"
        }
      }
    }
    results: {
      input: {
        array: {
          values: {
            string: {
              value: "https://github.com/vito/bass-loop"
            }
          }
          values: {
            string: {
              value: "main"
            }
          }
        }
      }
      output: {
        string: {
          value: "0fd154b53db44c0dced9b61092db79953d69bd13"
        }
      }
    }
  }
}
