{
  "memo": {
    "6-T43gWp5FSV0jPoTW8nhbYxzKBhaao4gSbF--PUgxU=:ls-remote": [
      {
        "input": [
          "https://github.com/vito/tabs",
          "main"
        ],
        "output": "ca4cbd159ef130db7479af76d9f903ff132a43e1"
      },
      {
        "input": [
          "https://github.com/vito/bass",
          "main"
        ],
        "output": "e9b33e43baf0524b6b468613af7438e2caf160e9"
      }
    ],
    "LR-ZTgqORmWVgYzlV0Tt74kKbUXf6h0bIph_heb-wHQ=:resolve": [
      {
        "input": [
          {
            "platform": {
              "os": "linux"
            },
            "repository": "alpine/git",
            "tag": "latest"
          }
        ],
        "output": {
          "digest": "sha256:f87181a6852c6edd1d1494b577813a3f9baec5972ad5f7a9dcbee1c5d4943403",
          "platform": {
            "os": "linux"
          },
          "repository": "alpine/git",
          "tag": "latest"
        }
      }
    ]
  },
  "thunks": {
    "6-T43gWp5FSV0jPoTW8nhbYxzKBhaao4gSbF--PUgxU=": {
      "cmd": {
        "command": "git"
      },
      "stdin": [
        {
          "digest": "sha256:f87181a6852c6edd1d1494b577813a3f9baec5972ad5f7a9dcbee1c5d4943403",
          "platform": {
            "os": "linux"
          },
          "repository": "alpine/git",
          "tag": "latest"
        }
      ]
    },
    "LR-ZTgqORmWVgYzlV0Tt74kKbUXf6h0bIph_heb-wHQ=": {
      "cmd": {
        "command": "run"
      }
    }
  }
}
