{
  "memo": {
    "2d1f994e0a8e466595818ce55744edef890a6d45dfea1d1b22987f85e6fec074:resolve": [
      {
        "input": [
          {
            "platform": {
              "os": "linux"
            },
            "repository": "ubuntu",
            "tag": "latest"
          }
        ],
        "output": {
          "digest": "sha256:8ae9bafbb64f63a50caab98fd3a5e37b3eb837a3e0780b78e5218e63193961f9",
          "platform": {
            "os": "linux"
          },
          "repository": "ubuntu",
          "tag": "latest"
        }
      },
      {
        "input": [
          {
            "platform": {
              "os": "linux"
            },
            "repository": "alpine",
            "tag": "latest"
          }
        ],
        "output": {
          "digest": "sha256:21a3deaa0d32a8057914f36584b5288d2e5ecc984380bc0118285c70fa8c9300",
          "platform": {
            "os": "linux"
          },
          "repository": "alpine",
          "tag": "latest"
        }
      },
      {
        "input": [
          {
            "platform": {
              "os": "linux"
            },
            "repository": "alpine/git",
            "tag": "latest"
          }
        ],
        "output": {
          "digest": "sha256:d4740deff7f05d2d48771ff66d9d9c26dfb76f0db0aa833b1ea0ee346fa1e48f",
          "platform": {
            "os": "linux"
          },
          "repository": "alpine/git",
          "tag": "latest"
        }
      },
      {
        "input": [
          {
            "platform": {
              "os": "linux"
            },
            "repository": "golang",
            "tag": "latest"
          }
        ],
        "output": {
          "digest": "sha256:ca709802394f4744685c1ecc083965656c3633799a005e90c75c62cafbaf3cee",
          "platform": {
            "os": "linux"
          },
          "repository": "golang",
          "tag": "latest"
        }
      },
      {
        "input": [
          {
            "platform": {
              "os": "linux"
            },
            "repository": "nixos/nix",
            "tag": "latest"
          }
        ],
        "output": {
          "digest": "sha256:6c7923c366b351002f21671a46e79eafc5d9a9db9da71497b6580e671698d906",
          "platform": {
            "os": "linux"
          },
          "repository": "nixos/nix",
          "tag": "latest"
        }
      }
    ],
    "97ea7bc7e38a8f9dbbd589a3d00e96c1a9808a27a44524339c93faadbc4a10a3:ls-remote": [
      {
        "input": [
          "https://github.com/vito/bass",
          "main"
        ],
        "output": "1221fb56549f6c484eeef78fa7462a53d749c010"
      },
      {
        "input": [
          "https://github.com/vito/booklit",
          "master"
        ],
        "output": "02c9a69f76584a1db5eab7b8be379924ae44ddbd"
      },
      {
        "input": [
          "https://github.com/vito/tabs",
          "main"
        ],
        "output": "03a39cb94bd3412febf681238b5a5e5fca4dbf35"
      },
      {
        "input": [
          "https://github.com/vito/booklit",
          "HEAD"
        ],
        "output": "02c9a69f76584a1db5eab7b8be379924ae44ddbd"
      }
    ]
  },
  "thunks": {
    "2d1f994e0a8e466595818ce55744edef890a6d45dfea1d1b22987f85e6fec074": {
      "cmd": {
        "command": "run"
      }
    },
    "97ea7bc7e38a8f9dbbd589a3d00e96c1a9808a27a44524339c93faadbc4a10a3": {
      "cmd": {
        "command": "git"
      },
      "stdin": [
        {
          "digest": "sha256:d4740deff7f05d2d48771ff66d9d9c26dfb76f0db0aa833b1ea0ee346fa1e48f",
          "platform": {
            "os": "linux"
          },
          "repository": "alpine/git",
          "tag": "latest"
        }
      ]
    }
  }
}
